
Microsoft Visual Studio Solution File, Format Version 12.00
# Visual Studio Version 17
VisualStudioVersion = 17.5.002.0
MinimumVisualStudioVersion = 10.0.40219.1
Project("{9A19103F-16F7-4668-BE54-9A1E7A4F7556}") = "Interpolacao", "Interpolacao.csproj", "{34A535B9-EB41-485F-9832-ACA9111F8726}"
EndProject
Global
	GlobalSection(SolutionConfigurationPlatforms) = preSolution
		Debug|Any CPU = Debug|Any CPU
		Release|Any CPU = Release|Any CPU
	EndGlobalSection
	GlobalSection(ProjectConfigurationPlatforms) = postSolution
		{34A535B9-EB41-485F-9832-ACA9111F8726}.Debug|Any CPU.ActiveCfg = Debug|Any CPU
		{34A535B9-EB41-485F-9832-ACA9111F8726}.Debug|Any CPU.Build.0 = Debug|Any CPU
		{34A535B9-EB41-485F-9832-ACA9111F8726}.Release|Any CPU.ActiveCfg = Release|Any CPU
		{34A535B9-EB41-485F-9832-ACA9111F8726}.Release|Any CPU.Build.0 = Release|Any CPU
	EndGlobalSection
	GlobalSection(SolutionProperties) = preSolution
		HideSolutionNode = FALSE
	EndGlobalSection
	GlobalSection(ExtensibilityGlobals) = postSolution
		SolutionGuid = {3D3D8CAC-7CC7-4F72-A30D-CD0F29250043}
	EndGlobalSection
EndGlobal
